github.com/davecgh/go-spew v1.1.1 h1:vj9j/u1bqnvCEfJOwUhtlOARqs3+rkHYY13jYWTU97c=
github.com/davecgh/go-spew v1.1.1/go.mod h1:J7Y8YcW2NihsgmVo/mv3lAwl/skON4iLHjSsI+c5H38=
github.com/fatih/color v1.18.0 h1:S8gINlzdQ840/4pfAwic/ZE0djQEH3wM94VfqLTZcOM=
github.com/fatih/color v1.18.0/go.mod h1:4FelSpRwEGDpQ12mAdzqdOukCy4u8WUtOY6lkT/6HfU=
github.com/jinzhu/inflection v1.0.0 h1:K317FqzuhWc8YvSVlFMCCUb36O/S9MCKRDI7QkRKD/E=
github.com/jinzhu/inflection v1.0.0/go.mod h1:h+uFLlag+Qp1Va5pdKtLDYj+kHp5pxUVkryuEj+Srlc=
github.com/labstack/echo/v4 v4.12.0 h1:IKpw49IMryVB2p1a4dzwlhP1O2Tf2E0Ir/450lH+kI0=
github.com/labstack/echo/v4 v4.12.0/go.mod h1:UP9Cr2DJXbOK3Kr9ONYzNowSh7HP0aG0ShAyycHSJvM=
github.com/labstack/echo/v4 v4.13.3 h1:pwhpCPrTl5qry5HRdM5FwdXnhXSLSY+WE+YQSeCaafY=
github.com/labstack/echo/v4 v4.13.3/go.mod h1:o90YNEeQWjDozo584l7AwhJMHN0bOC4tAfg+Xox9q5g=
github.com/labstack/gommon v0.4.2 h1:F8qTUNXgG1+6WQmqoUWnz8WiEU60mXVVw0P4ht1WRA0=
github.com/labstack/gommon v0.4.2/go.mod h1:QlUFxVM+SNXhDL/Z7YhocGIBYOiwB0mXm1+1bAPHPyU=
github.com/mattn/go-colorable v0.1.14 h1:9A9LHSqF/7dyVVX6g0U9cwm9pG3kP9gSzcuIPHPsaIE=
github.com/mattn/go-colorable v0.1.14/go.mod h1:6LmQG8QLFO4G5z1gPvYEzlUgJ2wF+stgPZH1UqBm1s8=
github.com/mattn/go-isatty v0.0.20 h1:xfD0iDuEKnDkl03q4limB+vH+GxLEtL/jb4xVJSWWEY=
github.com/mattn/go-isatty v0.0.20/go.mod h1:W+V8PltTTMOvKvAeJH7IuucS94S2C6jfK/D7dTCTo3Y=
github.com/mattn/go-oci8 v0.1.1 h1:aEUDxNAyDG0tv8CA3TArnDQNyc4EhnWlsfxRgDHABHM=
github.com/mattn/go-oci8 v0.1.1/go.mod h1:wjDx6Xm9q7dFtHJvIlrI99JytznLw5wQ4R+9mNXJwGI=
github.com/pmezard/go-difflib v1.0.0 h1:4DBwDE0NGyQoBHbLQYPwSUPoCMWR5BEzIk/f1lZbAQM=
github.com/pmezard/go-difflib v1.0.0/go.mod h1:iKH77koFhYxTK1pcRnkKkqfTogsbg7gZNVY4sRDYZ/4=
github.com/puzpuzpuz/xsync/v3 v3.5.0 h1:i+cMcpEDY1BkNm7lPDkCtE4oElsYLn+EKF8kAu2vXT4=
github.com/puzpuzpuz/xsync/v3 v3.5.0/go.mod h1:VjzYrABPabuM4KyBh1Ftq6u8nhwY5tBPKP9jpmh0nnA=
github.com/stretchr/testify v1.8.4 h1:CcVxjf3Q8PM0mHUKJCdn+eZZtm5yQwehR5yeSVQQcUk=
github.com/stretchr/testify v1.8.4/go.mod h1:sz/lmYIOXD/1dqDmKjjqLyZ2RngseejIcXlSw2iwfAo=
github.com/tmthrgd/go-hex v0.0.0-20190904060850-447a3041c3bc h1:9lRDQMhESg+zvGYmW5DyG0UqvY96Bu5QYsTLvCHdrgo=
github.com/tmthrgd/go-hex v0.0.0-20190904060850-447a3041c3bc/go.mod h1:bciPuU6GHm1iF1pBvUfxfsH0Wmnc2VbpgvbI9ZWuIRs=
github.com/uptrace/bun v1.2.9 h1:OOt2DlIcRUMSZPr6iXDFg/LaQd59kOxbAjpIVHddKRs=
github.com/uptrace/bun v1.2.9/go.mod h1:r2ZaaGs9Ru5bpGTr8GQfp8jp+TlCav9grYCPOu2CJSg=
github.com/uptrace/bun/dialect/mysqldialect v1.2.9 h1:nn3xVxTLhZh9LScwVD81yJX38DQ1LlriH8/WWEdWpdk=
github.com/uptrace/bun/dialect/mysqldialect v1.2.9/go.mod h1:Qe9QIiyUUxcxmhxskMNV++dEWhR6UQvLV3WYiQhWyKQ=
github.com/uptrace/bun/dialect/oracledialect v0.0.0-20241030103142-1bb5597f1a32 h1:8COe6QLq2TaXtrH1TfdnN/vmutR/MvQ8IcEdiu+vj5E=
github.com/uptrace/bun/dialect/oracledialect v0.0.0-20241030103142-1bb5597f1a32/go.mod h1:fK1PRKepWlqUuoswlLo2BhgCOrJ77JZGdllBox8YEG0=
github.com/uptrace/bun/dialect/oracledialect v1.2.9 h1:qOHbK/AVwIpwcPwnCWR4KD3E+vdKC7+iQs8V8baCnf0=
github.com/uptrace/bun/dialect/oracledialect v1.2.9/go.mod h1:4T17uZPy5neikxhYoZOywrBoWCOyb0YPSVyiMDOfYBA=
github.com/uptrace/bun/dialect/pgdialect v1.2.5 h1:dWLUxpjTdglzfBks2x+U2WIi+nRVjuh7Z3DLYVFswJk=
github.com/uptrace/bun/dialect/pgdialect v1.2.5/go.mod h1:stwnlE8/6x8cuQ2aXcZqwDK/d+6jxgO3iQewflJT6C4=
github.com/uptrace/bun/dialect/pgdialect v1.2.9 h1:caf5uFbOGiXvadV6pA5gn87k0awFFxL1kuuY3SpxnWk=
github.com/uptrace/bun/dialect/pgdialect v1.2.9/go.mod h1:m7L9JtOp/Lt8HccET70ULxplMweE/u0S9lNUSxz2duo=
github.com/uptrace/bun/extra/bundebug v1.2.5 h1:DsI/gl4jvq5tQ84yPqnlRYIQ4U6AouTqxJ8Y5Oijfz4=
github.com/uptrace/bun/extra/bundebug v1.2.5/go.mod h1:JFeYvklf5p92ZILXx4siMe2tEVn5JLelww3IGcJb4yA=
github.com/uptrace/bun/extra/bundebug v1.2.9 h1:3SU66p+q76XhfeUUzl9XooVu7hVNueZ/2Q3J8S1uzCU=
github.com/uptrace/bun/extra/bundebug v1.2.9/go.mod h1:/rp83jYAtwZUQIz+L3KwvREXaSd5GQGPJUusqq+Qtis=
github.com/valyala/bytebufferpool v1.0.0 h1:GqA5TC/0021Y/b9FG4Oi9Mr3q7XYx6KllzawFIhcdPw=
github.com/valyala/bytebufferpool v1.0.0/go.mod h1:6bBcMArwyJ5K/AmCkWv1jt77kVWyCJ6HpOuEn7z0Csc=
github.com/valyala/fasttemplate v1.2.2 h1:lxLXG0uE3Qnshl9QyaK6XJxMXlQZELvChBOCmQD0Loo=
github.com/valyala/fasttemplate v1.2.2/go.mod h1:KHLXt3tVN2HBp8eijSv/kGJopbvo7S+qRAEEKiv+SiQ=
github.com/vmihailenco/msgpack/v5 v5.4.1 h1:cQriyiUvjTwOHg8QZaPihLWeRAAVoCpE00IUPn0Bjt8=
github.com/vmihailenco/msgpack/v5 v5.4.1/go.mod h1:GaZTsDaehaPpQVyxrf5mtQlH+pc21PIudVV/E3rRQok=
github.com/vmihailenco/tagparser/v2 v2.0.0 h1:y09buUbR+b5aycVFQs/g70pqKVZNBmxwAhO7/IwNM9g=
github.com/vmihailenco/tagparser/v2 v2.0.0/go.mod h1:Wri+At7QHww0WTrCBeu4J6bNtoV6mEfg5OIWRZA9qds=
golang.org/x/crypto v0.28.0 h1:GBDwsMXVQi34v5CCYUm2jkJvu4cbtru2U4TN2PSyQnw=
golang.org/x/crypto v0.28.0/go.mod h1:rmgy+3RHxRZMyY0jjAJShp2zgEdOqj2AO7U0pYmeQ7U=
golang.org/x/crypto v0.33.0 h1:IOBPskki6Lysi0lo9qQvbxiQ+FvsCC/YWOecCHAixus=
golang.org/x/crypto v0.33.0/go.mod h1:bVdXmD7IV/4GdElGPozy6U7lWdRXA4qyRVGJV57uQ5M=
golang.org/x/mod v0.22.0 h1:D4nJWe9zXqHOmWqj4VMOJhvzj7bEZg4wEYa759z1pH4=
golang.org/x/mod v0.22.0/go.mod h1:6SkKJ3Xj0I0BrPOZoBy3bdMptDDU9oJrpohJ3eWZ1fY=
golang.org/x/mod v0.23.0 h1:Zb7khfcRGKk+kqfxFaP5tZqCnDZMjC5VtUBs87Hr6QM=
golang.org/x/mod v0.23.0/go.mod h1:6SkKJ3Xj0I0BrPOZoBy3bdMptDDU9oJrpohJ3eWZ1fY=
golang.org/x/net v0.30.0 h1:AcW1SDZMkb8IpzCdQUaIq2sP4sZ4zw+55h6ynffypl4=
golang.org/x/net v0.30.0/go.mod h1:2wGyMJ5iFasEhkwi13ChkO/t1ECNC4X4eBKkVFyYFlU=
golang.org/x/net v0.35.0 h1:T5GQRQb2y08kTAByq9L4/bz8cipCdA8FbRTXewonqY8=
golang.org/x/net v0.35.0/go.mod h1:EglIi67kWsHKlRzzVMUD93VMSWGFOMSZgxFjparz1Qk=
golang.org/x/sys v0.6.0/go.mod h1:oPkhp1MJrh7nUepCBck5+mAzfO9JrbApNNgaTdGDITg=
golang.org/x/sys v0.29.0 h1:TPYlXGxvx1MGTn2GiZDhnjPA9wZzZeGKHHmKhHYvgaU=
golang.org/x/sys v0.29.0/go.mod h1:/VUhepiaJMQUp4+oa/7Zr1D23ma6VTLIYjOOTFZPUcA=
golang.org/x/sys v0.30.0 h1:QjkSwP/36a20jFYWkSue1YwXzLmsV5Gfq7Eiy72C1uc=
golang.org/x/sys v0.30.0/go.mod h1:/VUhepiaJMQUp4+oa/7Zr1D23ma6VTLIYjOOTFZPUcA=
golang.org/x/text v0.19.0 h1:kTxAhCbGbxhK0IwgSKiMO5awPoDQ0RpfiVYBfK860YM=
golang.org/x/text v0.19.0/go.mod h1:BuEKDfySbSR4drPmRPG/7iBdf8hvFMuRexcpahXilzY=
golang.org/x/text v0.22.0 h1:bofq7m3/HAFvbF51jz3Q9wLg3jkvSPuiZu/pD1XwgtM=
golang.org/x/text v0.22.0/go.mod h1:YRoo4H8PVmsu+E3Ou7cqLVH8oXWIHVoX0jqUWALQhfY=
gopkg.in/yaml.v3 v3.0.1 h1:fxVm/GzAzEWqLHuvctI91KS9hhNmmWOoWu0XTYJS7CA=
gopkg.in/yaml.v3 v3.0.1/go.mod h1:K4uyk7z7BCEPqu6E+C64Yfv1cQ7kz7rIZviUmN+EgEM=
